PODS:
  - ASCollectionView-SwiftUI (1.4.1)

DEPENDENCIES:
  - ASCollectionView-SwiftUI

SPEC REPOS:
  trunk:
    - ASCollectionView-SwiftUI

SPEC CHECKSUMS:
  ASCollectionView-SwiftUI: f55fbd56350ec3b612855521cd952659b9a7e67d

PODFILE CHECKSUM: a8b330937fdce0e2cf279cbe7a2fe64f9a529562

COCOAPODS: 1.9.1
